
Microsoft Visual Studio Solution File, Format Version 12.00
# Visual Studio Version 16
VisualStudioVersion = 16.0.31025.194
MinimumVisualStudioVersion = 10.0.40219.1
Project("{8BC9CEB8-8B4A-11D0-8D11-00A0C91BC942}") = "MultiPurposeTests", "MultiPurposeTests.vcxproj", "{781FB710-45BF-4C95-8971-FFBB2CAA925C}"
EndProject
Project("{8BC9CEB8-8B4A-11D0-8D11-00A0C91BC942}") = "benchmark", "..\GoogleBenchmark\benchmark\build\src\benchmark.vcxproj", "{F28F04A3-14BF-3D29-AC3D-6BC4664DC637}"
EndProject
Global
	GlobalSection(SolutionConfigurationPlatforms) = preSolution
		Debug|x64 = Debug|x64
		Debug|x86 = Debug|x86
		MinSizeRel|x64 = MinSizeRel|x64
		MinSizeRel|x86 = MinSizeRel|x86
		Release|x64 = Release|x64
		Release|x86 = Release|x86
		RelWithDebInfo|x64 = RelWithDebInfo|x64
		RelWithDebInfo|x86 = RelWithDebInfo|x86
	EndGlobalSection
	GlobalSection(ProjectConfigurationPlatforms) = postSolution
		{781FB710-45BF-4C95-8971-FFBB2CAA925C}.Debug|x64.ActiveCfg = Debug|x64
		{781FB710-45BF-4C95-8971-FFBB2CAA925C}.Debug|x64.Build.0 = Debug|x64
		{781FB710-45BF-4C95-8971-FFBB2CAA925C}.Debug|x86.ActiveCfg = Debug|Win32
		{781FB710-45BF-4C95-8971-FFBB2CAA925C}.Debug|x86.Build.0 = Debug|Win32
		{781FB710-45BF-4C95-8971-FFBB2CAA925C}.MinSizeRel|x64.ActiveCfg = Release|x64
		{781FB710-45BF-4C95-8971-FFBB2CAA925C}.MinSizeRel|x64.Build.0 = Release|x64
		{781FB710-45BF-4C95-8971-FFBB2CAA925C}.MinSizeRel|x86.ActiveCfg = Release|Win32
		{781FB710-45BF-4C95-8971-FFBB2CAA925C}.MinSizeRel|x86.Build.0 = Release|Win32
		{781FB710-45BF-4C95-8971-FFBB2CAA925C}.Release|x64.ActiveCfg = Release|x64
		{781FB710-45BF-4C95-8971-FFBB2CAA925C}.Release|x64.Build.0 = Release|x64
		{781FB710-45BF-4C95-8971-FFBB2CAA925C}.Release|x86.ActiveCfg = Release|Win32
		{781FB710-45BF-4C95-8971-FFBB2CAA925C}.Release|x86.Build.0 = Release|Win32
		{781FB710-45BF-4C95-8971-FFBB2CAA925C}.RelWithDebInfo|x64.ActiveCfg = Release|x64
		{781FB710-45BF-4C95-8971-FFBB2CAA925C}.RelWithDebInfo|x64.Build.0 = Release|x64
		{781FB710-45BF-4C95-8971-FFBB2CAA925C}.RelWithDebInfo|x86.ActiveCfg = Release|Win32
		{781FB710-45BF-4C95-8971-FFBB2CAA925C}.RelWithDebInfo|x86.Build.0 = Release|Win32
		{F28F04A3-14BF-3D29-AC3D-6BC4664DC637}.Debug|x64.ActiveCfg = Debug|x64
		{F28F04A3-14BF-3D29-AC3D-6BC4664DC637}.Debug|x64.Build.0 = Debug|x64
		{F28F04A3-14BF-3D29-AC3D-6BC4664DC637}.Debug|x86.ActiveCfg = Debug|x64
		{F28F04A3-14BF-3D29-AC3D-6BC4664DC637}.MinSizeRel|x64.ActiveCfg = MinSizeRel|x64
		{F28F04A3-14BF-3D29-AC3D-6BC4664DC637}.MinSizeRel|x64.Build.0 = MinSizeRel|x64
		{F28F04A3-14BF-3D29-AC3D-6BC4664DC637}.MinSizeRel|x86.ActiveCfg = MinSizeRel|x64
		{F28F04A3-14BF-3D29-AC3D-6BC4664DC637}.Release|x64.ActiveCfg = Release|x64
		{F28F04A3-14BF-3D29-AC3D-6BC4664DC637}.Release|x64.Build.0 = Release|x64
		{F28F04A3-14BF-3D29-AC3D-6BC4664DC637}.Release|x86.ActiveCfg = Release|x64
		{F28F04A3-14BF-3D29-AC3D-6BC4664DC637}.RelWithDebInfo|x64.ActiveCfg = RelWithDebInfo|x64
		{F28F04A3-14BF-3D29-AC3D-6BC4664DC637}.RelWithDebInfo|x64.Build.0 = RelWithDebInfo|x64
		{F28F04A3-14BF-3D29-AC3D-6BC4664DC637}.RelWithDebInfo|x86.ActiveCfg = RelWithDebInfo|x64
	EndGlobalSection
	GlobalSection(SolutionProperties) = preSolution
		HideSolutionNode = FALSE
	EndGlobalSection
	GlobalSection(ExtensibilityGlobals) = postSolution
		SolutionGuid = {49602B03-2C3C-4B89-BCB6-A79E0CA8059F}
	EndGlobalSection
EndGlobal
